
Microsoft Visual Studio Solution File, Format Version 12.00
# Visual Studio Version 17
VisualStudioVersion = 17.8.34330.188
MinimumVisualStudioVersion = 10.0.40219.1
Project("{FAE04EC0-301F-11D3-BF4B-00C04F79EFBC}") = "GymFlow.API", "GymFlow.API\GymFlow.API.csproj", "{5BA377C6-0DCE-4335-8817-3107940FC643}"
EndProject
Project("{FAE04EC0-301F-11D3-BF4B-00C04F79EFBC}") = "GymFlow.Core", "GymFlow.Core\GymFlow.Core.csproj", "{7FA4E395-61E5-483E-9007-1148A3A8C1FA}"
EndProject
Project("{FAE04EC0-301F-11D3-BF4B-00C04F79EFBC}") = "GymFlow.Application", "GymFlow.Application\GymFlow.Application.csproj", "{F4029177-2839-4FEB-A2C9-9CBE5D8B8AAF}"
EndProject
Project("{FAE04EC0-301F-11D3-BF4B-00C04F79EFBC}") = "GymFlow.Infraestructure", "GymFlow.Infraestructure\GymFlow.Infraestructure.csproj", "{E2D3A09E-30AC-4433-88B1-9B105E2AB026}"
EndProject
Global
	GlobalSection(SolutionConfigurationPlatforms) = preSolution
		Debug|Any CPU = Debug|Any CPU
		Release|Any CPU = Release|Any CPU
	EndGlobalSection
	GlobalSection(ProjectConfigurationPlatforms) = postSolution
		{5BA377C6-0DCE-4335-8817-3107940FC643}.Debug|Any CPU.ActiveCfg = Debug|Any CPU
		{5BA377C6-0DCE-4335-8817-3107940FC643}.Debug|Any CPU.Build.0 = Debug|Any CPU
		{5BA377C6-0DCE-4335-8817-3107940FC643}.Release|Any CPU.ActiveCfg = Release|Any CPU
		{5BA377C6-0DCE-4335-8817-3107940FC643}.Release|Any CPU.Build.0 = Release|Any CPU
		{7FA4E395-61E5-483E-9007-1148A3A8C1FA}.Debug|Any CPU.ActiveCfg = Debug|Any CPU
		{7FA4E395-61E5-483E-9007-1148A3A8C1FA}.Debug|Any CPU.Build.0 = Debug|Any CPU
		{7FA4E395-61E5-483E-9007-1148A3A8C1FA}.Release|Any CPU.ActiveCfg = Release|Any CPU
		{7FA4E395-61E5-483E-9007-1148A3A8C1FA}.Release|Any CPU.Build.0 = Release|Any CPU
		{F4029177-2839-4FEB-A2C9-9CBE5D8B8AAF}.Debug|Any CPU.ActiveCfg = Debug|Any CPU
		{F4029177-2839-4FEB-A2C9-9CBE5D8B8AAF}.Debug|Any CPU.Build.0 = Debug|Any CPU
		{F4029177-2839-4FEB-A2C9-9CBE5D8B8AAF}.Release|Any CPU.ActiveCfg = Release|Any CPU
		{F4029177-2839-4FEB-A2C9-9CBE5D8B8AAF}.Release|Any CPU.Build.0 = Release|Any CPU
		{E2D3A09E-30AC-4433-88B1-9B105E2AB026}.Debug|Any CPU.ActiveCfg = Debug|Any CPU
		{E2D3A09E-30AC-4433-88B1-9B105E2AB026}.Debug|Any CPU.Build.0 = Debug|Any CPU
		{E2D3A09E-30AC-4433-88B1-9B105E2AB026}.Release|Any CPU.ActiveCfg = Release|Any CPU
		{E2D3A09E-30AC-4433-88B1-9B105E2AB026}.Release|Any CPU.Build.0 = Release|Any CPU
	EndGlobalSection
	GlobalSection(SolutionProperties) = preSolution
		HideSolutionNode = FALSE
	EndGlobalSection
	GlobalSection(ExtensibilityGlobals) = postSolution
		SolutionGuid = {BE3178AA-BB6D-4324-8B7E-C2766985371E}
	EndGlobalSection
EndGlobal
